// !$*UTF8*$!
{
	archiveVersion = 1;
	classes = {
	};
	objectVersion = 56;
	objects = {

/* Begin PBXBuildFile section */
		3BACE9D12C8C1845004518F6 /* NarrateItApp.swift in Sources */ = {isa = PBXBuildFile; fileRef = 3BACE9D02C8C1845004518F6 /* NarrateItApp.swift */; };
		3BACE9D32C8C1845004518F6 /* ContentView.swift in Sources */ = {isa = PBXBuildFile; fileRef = 3BACE9D22C8C1845004518F6 /* ContentView.swift */; };
		3BACE9D52C8C1846004518F6 /* Assets.xcassets in Resources */ = {isa = PBXBuildFile; fileRef = 3BACE9D42C8C1846004518F6 /* Assets.xcassets */; };
		3BACE9D82C8C1846004518F6 /* Preview Assets.xcassets in Resources */ = {isa = PBXBuildFile; fileRef = 3BACE9D72C8C1846004518F6 /* Preview Assets.xcassets */; };
		3BACE9E32C8C1846004518F6 /* NarrateItTests.swift in Sources */ = {isa = PBXBuildFile; fileRef = 3BACE9E22C8C1846004518F6 /* NarrateItTests.swift */; };
		3BACE9ED2C8C1846004518F6 /* NarrateItUITests.swift in Sources */ = {isa = PBXBuildFile; fileRef = 3BACE9EC2C8C1846004518F6 /* NarrateItUITests.swift */; };
		3BACE9EF2C8C1846004518F6 /* NarrateItUITestsLaunchTests.swift in Sources */ = {isa = PBXBuildFile; fileRef = 3BACE9EE2C8C1846004518F6 /* NarrateItUITestsLaunchTests.swift */; };
/* End PBXBuildFile section */

/* Begin PBXContainerItemProxy section */
		3BACE9DF2C8C1846004518F6 /* PBXContainerItemProxy */ = {
			isa = PBXContainerItemProxy;
			containerPortal = 3BACE9C52C8C1845004518F6 /* Project object */;
			proxyType = 1;
			remoteGlobalIDString = 3BACE9CC2C8C1845004518F6;
			remoteInfo = NarrateIt;
		};
		3BACE9E92C8C1846004518F6 /* PBXContainerItemProxy */ = {
			isa = PBXContainerItemProxy;
			containerPortal = 3BACE9C52C8C1845004518F6 /* Project object */;
			proxyType = 1;
			remoteGlobalIDString = 3BACE9CC2C8C1845004518F6;
			remoteInfo = NarrateIt;
		};
/* End PBXContainerItemProxy section */

/* Begin PBXFileReference section */
		3BACE9CD2C8C1845004518F6 /* NarrateIt.app */ = {isa = PBXFileReference; explicitFileType = wrapper.application; includeInIndex = 0; path = NarrateIt.app; sourceTree = BUILT_PRODUCTS_DIR; };
		3BACE9D02C8C1845004518F6 /* NarrateItApp.swift */ = {isa = PBXFileReference; lastKnownFileType = sourcecode.swift; path = NarrateItApp.swift; sourceTree = "<group>"; };
		3BACE9D22C8C1845004518F6 /* ContentView.swift */ = {isa = PBXFileReference; lastKnownFileType = sourcecode.swift; path = ContentView.swift; sourceTree = "<group>"; };
		3BACE9D42C8C1846004518F6 /* Assets.xcassets */ = {isa = PBXFileReference; lastKnownFileType = folder.assetcatalog; path = Assets.xcassets; sourceTree = "<group>"; };
		3BACE9D72C8C1846004518F6 /* Preview Assets.xcassets */ = {isa = PBXFileReference; lastKnownFileType = folder.assetcatalog; path = "Preview Assets.xcassets"; sourceTree = "<group>"; };
		3BACE9D92C8C1846004518F6 /* NarrateIt.entitlements */ = {isa = PBXFileReference; lastKnownFileType = text.plist.entitlements; path = NarrateIt.entitlements; sourceTree = "<group>"; };
		3BACE9DE2C8C1846004518F6 /* NarrateItTests.xctest */ = {isa = PBXFileReference; explicitFileType = wrapper.cfbundle; includeInIndex = 0; path = NarrateItTests.xctest; sourceTree = BUILT_PRODUCTS_DIR; };
		3BACE9E22C8C1846004518F6 /* NarrateItTests.swift */ = {isa = PBXFileReference; lastKnownFileType = sourcecode.swift; path = NarrateItTests.swift; sourceTree = "<group>"; };
		3BACE9E82C8C1846004518F6 /* NarrateItUITests.xctest */ = {isa = PBXFileReference; explicitFileType = wrapper.cfbundle; includeInIndex = 0; path = NarrateItUITests.xctest; sourceTree = BUILT_PRODUCTS_DIR; };
		3BACE9EC2C8C1846004518F6 /* NarrateItUITests.swift */ = {isa = PBXFileReference; lastKnownFileType = sourcecode.swift; path = NarrateItUITests.swift; sourceTree = "<group>"; };
		3BACE9EE2C8C1846004518F6 /* NarrateItUITestsLaunchTests.swift */ = {isa = PBXFileReference; lastKnownFileType = sourcecode.swift; path = NarrateItUITestsLaunchTests.swift; sourceTree = "<group>"; };
/* End PBXFileReference section */

/* Begin PBXFrameworksBuildPhase section */
		3BACE9CA2C8C1845004518F6 /* Frameworks */ = {
			isa = PBXFrameworksBuildPhase;
			buildActionMask = 2147483647;
			files = (
			);
			runOnlyForDeploymentPostprocessing = 0;
		};
		3BACE9DB2C8C1846004518F6 /* Frameworks */ = {
			isa = PBXFrameworksBuildPhase;
			buildActionMask = 2147483647;
			files = (
			);
			runOnlyForDeploymentPostprocessing = 0;
		};
		3BACE9E52C8C1846004518F6 /* Frameworks */ = {
			isa = PBXFrameworksBuildPhase;
			buildActionMask = 2147483647;
			files = (
			);
			runOnlyForDeploymentPostprocessing = 0;
		};
/* End PBXFrameworksBuildPhase section */

/* Begin PBXGroup section */
		3BACE9C42C8C1845004518F6 = {
			isa = PBXGroup;
			children = (
				3BACE9CF2C8C1845004518F6 /* NarrateIt */,
				3BACE9E12C8C1846004518F6 /* NarrateItTests */,
				3BACE9EB2C8C1846004518F6 /* NarrateItUITests */,
				3BACE9CE2C8C1845004518F6 /* Products */,
			);
			sourceTree = "<group>";
		};
		3BACE9CE2C8C1845004518F6 /* Products */ = {
			isa = PBXGroup;
			children = (
				3BACE9CD2C8C1845004518F6 /* NarrateIt.app */,
				3BACE9DE2C8C1846004518F6 /* NarrateItTests.xctest */,
				3BACE9E82C8C1846004518F6 /* NarrateItUITests.xctest */,
			);
			name = Products;
			sourceTree = "<group>";
		};
		3BACE9CF2C8C1845004518F6 /* NarrateIt */ = {
			isa = PBXGroup;
			children = (
				3BACE9D02C8C1845004518F6 /* NarrateItApp.swift */,
				3BACE9D22C8C1845004518F6 /* ContentView.swift */,
				3BACE9D42C8C1846004518F6 /* Assets.xcassets */,
				3BACE9D92C8C1846004518F6 /* NarrateIt.entitlements */,
				3BACE9D62C8C1846004518F6 /* Preview Content */,
			);
			path = NarrateIt;
			sourceTree = "<group>";
		};
		3BACE9D62C8C1846004518F6 /* Preview Content */ = {
			isa = PBXGroup;
			children = (
				3BACE9D72C8C1846004518F6 /* Preview Assets.xcassets */,
			);
			path = "Preview Content";
			sourceTree = "<group>";
		};
		3BACE9E12C8C1846004518F6 /* NarrateItTests */ = {
			isa = PBXGroup;
			children = (
				3BACE9E22C8C1846004518F6 /* NarrateItTests.swift */,
			);
			path = NarrateItTests;
			sourceTree = "<group>";
		};
		3BACE9EB2C8C1846004518F6 /* NarrateItUITests */ = {
			isa = PBXGroup;
			children = (
				3BACE9EC2C8C1846004518F6 /* NarrateItUITests.swift */,
				3BACE9EE2C8C1846004518F6 /* NarrateItUITestsLaunchTests.swift */,
			);
			path = NarrateItUITests;
			sourceTree = "<group>";
		};
/* End PBXGroup section */

/* Begin PBXNativeTarget section */
		3BACE9CC2C8C1845004518F6 /* NarrateIt */ = {
			isa = PBXNativeTarget;
			buildConfigurationList = 3BACE9F22C8C1846004518F6 /* Build configuration list for PBXNativeTarget "NarrateIt" */;
			buildPhases = (
				3BACE9C92C8C1845004518F6 /* Sources */,
				3BACE9CA2C8C1845004518F6 /* Frameworks */,
				3BACE9CB2C8C1845004518F6 /* Resources */,
			);
			buildRules = (
			);
			dependencies = (
			);
			name = NarrateIt;
			productName = NarrateIt;
			productReference = 3BACE9CD2C8C1845004518F6 /* NarrateIt.app */;
			productType = "com.apple.product-type.application";
		};
		3BACE9DD2C8C1846004518F6 /* NarrateItTests */ = {
			isa = PBXNativeTarget;
			buildConfigurationList = 3BACE9F52C8C1846004518F6 /* Build configuration list for PBXNativeTarget "NarrateItTests" */;
			buildPhases = (
				3BACE9DA2C8C1846004518F6 /* Sources */,
				3BACE9DB2C8C1846004518F6 /* Frameworks */,
				3BACE9DC2C8C1846004518F6 /* Resources */,
			);
			buildRules = (
			);
			dependencies = (
				3BACE9E02C8C1846004518F6 /* PBXTargetDependency */,
			);
			name = NarrateItTests;
			productName = NarrateItTests;
			productReference = 3BACE9DE2C8C1846004518F6 /* NarrateItTests.xctest */;
			productType = "com.apple.product-type.bundle.unit-test";
		};
		3BACE9E72C8C1846004518F6 /* NarrateItUITests */ = {
			isa = PBXNativeTarget;
			buildConfigurationList = 3BACE9F82C8C1846004518F6 /* Build configuration list for PBXNativeTarget "NarrateItUITests" */;
			buildPhases = (
				3BACE9E42C8C1846004518F6 /* Sources */,
				3BACE9E52C8C1846004518F6 /* Frameworks */,
				3BACE9E62C8C1846004518F6 /* Resources */,
			);
			buildRules = (
			);
			dependencies = (
				3BACE9EA2C8C1846004518F6 /* PBXTargetDependency */,
			);
			name = NarrateItUITests;
			productName = NarrateItUITests;
			productReference = 3BACE9E82C8C1846004518F6 /* NarrateItUITests.xctest */;
			productType = "com.apple.product-type.bundle.ui-testing";
		};
/* End PBXNativeTarget section */

/* Begin PBXProject section */
		3BACE9C52C8C1845004518F6 /* Project object */ = {
			isa = PBXProject;
			attributes = {
				BuildIndependentTargetsInParallel = 1;
				LastSwiftUpdateCheck = 1540;
				LastUpgradeCheck = 1540;
				TargetAttributes = {
					3BACE9CC2C8C1845004518F6 = {
						CreatedOnToolsVersion = 15.4;
					};
					3BACE9DD2C8C1846004518F6 = {
						CreatedOnToolsVersion = 15.4;
						TestTargetID = 3BACE9CC2C8C1845004518F6;
					};
					3BACE9E72C8C1846004518F6 = {
						CreatedOnToolsVersion = 15.4;
						TestTargetID = 3BACE9CC2C8C1845004518F6;
					};
				};
			};
			buildConfigurationList = 3BACE9C82C8C1845004518F6 /* Build configuration list for PBXProject "NarrateIt" */;
			compatibilityVersion = "Xcode 14.0";
			developmentRegion = en;
			hasScannedForEncodings = 0;
			knownRegions = (
				en,
				Base,
			);
			mainGroup = 3BACE9C42C8C1845004518F6;
			productRefGroup = 3BACE9CE2C8C1845004518F6 /* Products */;
			projectDirPath = "";
			projectRoot = "";
			targets = (
				3BACE9CC2C8C1845004518F6 /* NarrateIt */,
				3BACE9DD2C8C1846004518F6 /* NarrateItTests */,
				3BACE9E72C8C1846004518F6 /* NarrateItUITests */,
			);
		};
/* End PBXProject section */

/* Begin PBXResourcesBuildPhase section */
		3BACE9CB2C8C1845004518F6 /* Resources */ = {
			isa = PBXResourcesBuildPhase;
			buildActionMask = 2147483647;
			files = (
				3BACE9D82C8C1846004518F6 /* Preview Assets.xcassets in Resources */,
				3BACE9D52C8C1846004518F6 /* Assets.xcassets in Resources */,
			);
			runOnlyForDeploymentPostprocessing = 0;
		};
		3BACE9DC2C8C1846004518F6 /* Resources */ = {
			isa = PBXResourcesBuildPhase;
			buildActionMask = 2147483647;
			files = (
			);
			runOnlyForDeploymentPostprocessing = 0;
		};
		3BACE9E62C8C1846004518F6 /* Resources */ = {
			isa = PBXResourcesBuildPhase;
			buildActionMask = 2147483647;
			files = (
			);
			runOnlyForDeploymentPostprocessing = 0;
		};
/* End PBXResourcesBuildPhase section */

/* Begin PBXSourcesBuildPhase section */
		3BACE9C92C8C1845004518F6 /* Sources */ = {
			isa = PBXSourcesBuildPhase;
			buildActionMask = 2147483647;
			files = (
				3BACE9D32C8C1845004518F6 /* ContentView.swift in Sources */,
				3BACE9D12C8C1845004518F6 /* NarrateItApp.swift in Sources */,
			);
			runOnlyForDeploymentPostprocessing = 0;
		};
		3BACE9DA2C8C1846004518F6 /* Sources */ = {
			isa = PBXSourcesBuildPhase;
			buildActionMask = 2147483647;
			files = (
				3BACE9E32C8C1846004518F6 /* NarrateItTests.swift in Sources */,
			);
			runOnlyForDeploymentPostprocessing = 0;
		};
		3BACE9E42C8C1846004518F6 /* Sources */ = {
			isa = PBXSourcesBuildPhase;
			buildActionMask = 2147483647;
			files = (
				3BACE9ED2C8C1846004518F6 /* NarrateItUITests.swift in Sources */,
				3BACE9EF2C8C1846004518F6 /* NarrateItUITestsLaunchTests.swift in Sources */,
			);
			runOnlyForDeploymentPostprocessing = 0;
		};
/* End PBXSourcesBuildPhase section */

/* Begin PBXTargetDependency section */
		3BACE9E02C8C1846004518F6 /* PBXTargetDependency */ = {
			isa = PBXTargetDependency;
			target = 3BACE9CC2C8C1845004518F6 /* NarrateIt */;
			targetProxy = 3BACE9DF2C8C1846004518F6 /* PBXContainerItemProxy */;
		};
		3BACE9EA2C8C1846004518F6 /* PBXTargetDependency */ = {
			isa = PBXTargetDependency;
			target = 3BACE9CC2C8C1845004518F6 /* NarrateIt */;
			targetProxy = 3BACE9E92C8C1846004518F6 /* PBXContainerItemProxy */;
		};
/* End PBXTargetDependency section */

/* Begin XCBuildConfiguration section */
		3BACE9F02C8C1846004518F6 /* Debug */ = {
			isa = XCBuildConfiguration;
			buildSettings = {
				ALWAYS_SEARCH_USER_PATHS = NO;
				ASSETCATALOG_COMPILER_GENERATE_SWIFT_ASSET_SYMBOL_EXTENSIONS = YES;
				CLANG_ANALYZER_NONNULL = YES;
				CLANG_ANALYZER_NUMBER_OBJECT_CONVERSION = YES_AGGRESSIVE;
				CLANG_CXX_LANGUAGE_STANDARD = "gnu++20";
				CLANG_ENABLE_MODULES = YES;
				CLANG_ENABLE_OBJC_ARC = YES;
				CLANG_ENABLE_OBJC_WEAK = YES;
				CLANG_WARN_BLOCK_CAPTURE_AUTORELEASING = YES;
				CLANG_WARN_BOOL_CONVERSION = YES;
				CLANG_WARN_COMMA = YES;
				CLANG_WARN_CONSTANT_CONVERSION = YES;
				CLANG_WARN_DEPRECATED_OBJC_IMPLEMENTATIONS = YES;
				CLANG_WARN_DIRECT_OBJC_ISA_USAGE = YES_ERROR;
				CLANG_WARN_DOCUMENTATION_COMMENTS = YES;
				CLANG_WARN_EMPTY_BODY = YES;
				CLANG_WARN_ENUM_CONVERSION = YES;
				CLANG_WARN_INFINITE_RECURSION = YES;
				CLANG_WARN_INT_CONVERSION = YES;
				CLANG_WARN_NON_LITERAL_NULL_CONVERSION = YES;
				CLANG_WARN_OBJC_IMPLICIT_RETAIN_SELF = YES;
				CLANG_WARN_OBJC_LITERAL_CONVERSION = YES;
				CLANG_WARN_OBJC_ROOT_CLASS = YES_ERROR;
				CLANG_WARN_QUOTED_INCLUDE_IN_FRAMEWORK_HEADER = YES;
				CLANG_WARN_RANGE_LOOP_ANALYSIS = YES;
				CLANG_WARN_STRICT_PROTOTYPES = YES;
				CLANG_WARN_SUSPICIOUS_MOVE = YES;
				CLANG_WARN_UNGUARDED_AVAILABILITY = YES_AGGRESSIVE;
				CLANG_WARN_UNREACHABLE_CODE = YES;
				CLANG_WARN__DUPLICATE_METHOD_MATCH = YES;
				COPY_PHASE_STRIP = NO;
				DEBUG_INFORMATION_FORMAT = dwarf;
				ENABLE_STRICT_OBJC_MSGSEND = YES;
				ENABLE_TESTABILITY = YES;
				ENABLE_USER_SCRIPT_SANDBOXING = YES;
				GCC_C_LANGUAGE_STANDARD = gnu17;
				GCC_DYNAMIC_NO_PIC = NO;
				GCC_NO_COMMON_BLOCKS = YES;
				GCC_OPTIMIZATION_LEVEL = 0;
				GCC_PREPROCESSOR_DEFINITIONS = (
					"DEBUG=1",
					"$(inherited)",
				);
				GCC_WARN_64_TO_32_BIT_CONVERSION = YES;
				GCC_WARN_ABOUT_RETURN_TYPE = YES_ERROR;
				GCC_WARN_UNDECLARED_SELECTOR = YES;
				GCC_WARN_UNINITIALIZED_AUTOS = YES_AGGRESSIVE;
				GCC_WARN_UNUSED_FUNCTION = YES;
				GCC_WARN_UNUSED_VARIABLE = YES;
				LOCALIZATION_PREFERS_STRING_CATALOGS = YES;
				MACOSX_DEPLOYMENT_TARGET = 14.3;
				MTL_ENABLE_DEBUG_INFO = INCLUDE_SOURCE;
				MTL_FAST_MATH = YES;
				ONLY_ACTIVE_ARCH = YES;
				SDKROOT = macosx;
				SWIFT_ACTIVE_COMPILATION_CONDITIONS = "DEBUG $(inherited)";
				SWIFT_OPTIMIZATION_LEVEL = "-Onone";
			};
			name = Debug;
		};
		3BACE9F12C8C1846004518F6 /* Release */ = {
			isa = XCBuildConfiguration;
			buildSettings = {
				ALWAYS_SEARCH_USER_PATHS = NO;
				ASSETCATALOG_COMPILER_GENERATE_SWIFT_ASSET_SYMBOL_EXTENSIONS = YES;
				CLANG_ANALYZER_NONNULL = YES;
				CLANG_ANALYZER_NUMBER_OBJECT_CONVERSION = YES_AGGRESSIVE;
				CLANG_CXX_LANGUAGE_STANDARD = "gnu++20";
				CLANG_ENABLE_MODULES = YES;
				CLANG_ENABLE_OBJC_ARC = YES;
				CLANG_ENABLE_OBJC_WEAK = YES;
				CLANG_WARN_BLOCK_CAPTURE_AUTORELEASING = YES;
				CLANG_WARN_BOOL_CONVERSION = YES;
				CLANG_WARN_COMMA = YES;
				CLANG_WARN_CONSTANT_CONVERSION = YES;
				CLANG_WARN_DEPRECATED_OBJC_IMPLEMENTATIONS = YES;
				CLANG_WARN_DIRECT_OBJC_ISA_USAGE = YES_ERROR;
				CLANG_WARN_DOCUMENTATION_COMMENTS = YES;
				CLANG_WARN_EMPTY_BODY = YES;
				CLANG_WARN_ENUM_CONVERSION = YES;
				CLANG_WARN_INFINITE_RECURSION = YES;
				CLANG_WARN_INT_CONVERSION = YES;
				CLANG_WARN_NON_LITERAL_NULL_CONVERSION = YES;
				CLANG_WARN_OBJC_IMPLICIT_RETAIN_SELF = YES;
				CLANG_WARN_OBJC_LITERAL_CONVERSION = YES;
				CLANG_WARN_OBJC_ROOT_CLASS = YES_ERROR;
				CLANG_WARN_QUOTED_INCLUDE_IN_FRAMEWORK_HEADER = YES;
				CLANG_WARN_RANGE_LOOP_ANALYSIS = YES;
				CLANG_WARN_STRICT_PROTOTYPES = YES;
				CLANG_WARN_SUSPICIOUS_MOVE = YES;
				CLANG_WARN_UNGUARDED_AVAILABILITY = YES_AGGRESSIVE;
				CLANG_WARN_UNREACHABLE_CODE = YES;
				CLANG_WARN__DUPLICATE_METHOD_MATCH = YES;
				COPY_PHASE_STRIP = NO;
				DEBUG_INFORMATION_FORMAT = "dwarf-with-dsym";
				ENABLE_NS_ASSERTIONS = NO;
				ENABLE_STRICT_OBJC_MSGSEND = YES;
				ENABLE_USER_SCRIPT_SANDBOXING = YES;
				GCC_C_LANGUAGE_STANDARD = gnu17;
				GCC_NO_COMMON_BLOCKS = YES;
				GCC_WARN_64_TO_32_BIT_CONVERSION = YES;
				GCC_WARN_ABOUT_RETURN_TYPE = YES_ERROR;
				GCC_WARN_UNDECLARED_SELECTOR = YES;
				GCC_WARN_UNINITIALIZED_AUTOS = YES_AGGRESSIVE;
				GCC_WARN_UNUSED_FUNCTION = YES;
				GCC_WARN_UNUSED_VARIABLE = YES;
				LOCALIZATION_PREFERS_STRING_CATALOGS = YES;
				MACOSX_DEPLOYMENT_TARGET = 14.3;
				MTL_ENABLE_DEBUG_INFO = NO;
				MTL_FAST_MATH = YES;
				SDKROOT = macosx;
				SWIFT_COMPILATION_MODE = wholemodule;
			};
			name = Release;
		};
		3BACE9F32C8C1846004518F6 /* Debug */ = {
			isa = XCBuildConfiguration;
			buildSettings = {
				ASSETCATALOG_COMPILER_APPICON_NAME = AppIcon;
				ASSETCATALOG_COMPILER_GLOBAL_ACCENT_COLOR_NAME = AccentColor;
				CODE_SIGN_ENTITLEMENTS = NarrateIt/NarrateIt.entitlements;
				CODE_SIGN_STYLE = Automatic;
				COMBINE_HIDPI_IMAGES = YES;
				CURRENT_PROJECT_VERSION = 1;
				DEVELOPMENT_ASSET_PATHS = "\"NarrateIt/Preview Content\"";
				DEVELOPMENT_TEAM = S3249NZJRT;
				ENABLE_HARDENED_RUNTIME = YES;
				ENABLE_PREVIEWS = YES;
				GENERATE_INFOPLIST_FILE = YES;
				INFOPLIST_KEY_NSHumanReadableCopyright = "";
				LD_RUNPATH_SEARCH_PATHS = (
					"$(inherited)",
					"@executable_path/../Frameworks",
				);
				MARKETING_VERSION = 1.0;
				PRODUCT_BUNDLE_IDENTIFIER = bytebuild.NarrateIt;
				PRODUCT_NAME = "$(TARGET_NAME)";
				SWIFT_EMIT_LOC_STRINGS = YES;
				SWIFT_VERSION = 5.0;
			};
			name = Debug;
		};
		3BACE9F42C8C1846004518F6 /* Release */ = {
			isa = XCBuildConfiguration;
			buildSettings = {
				ASSETCATALOG_COMPILER_APPICON_NAME = AppIcon;
				ASSETCATALOG_COMPILER_GLOBAL_ACCENT_COLOR_NAME = AccentColor;
				CODE_SIGN_ENTITLEMENTS = NarrateIt/NarrateIt.entitlements;
				CODE_SIGN_STYLE = Automatic;
				COMBINE_HIDPI_IMAGES = YES;
				CURRENT_PROJECT_VERSION = 1;
				DEVELOPMENT_ASSET_PATHS = "\"NarrateIt/Preview Content\"";
				DEVELOPMENT_TEAM = S3249NZJRT;
				ENABLE_HARDENED_RUNTIME = YES;
				ENABLE_PREVIEWS = YES;
				GENERATE_INFOPLIST_FILE = YES;
				INFOPLIST_KEY_NSHumanReadableCopyright = "";
				LD_RUNPATH_SEARCH_PATHS = (
					"$(inherited)",
					"@executable_path/../Frameworks",
				);
				MARKETING_VERSION = 1.0;
				PRODUCT_BUNDLE_IDENTIFIER = bytebuild.NarrateIt;
				PRODUCT_NAME = "$(TARGET_NAME)";
				SWIFT_EMIT_LOC_STRINGS = YES;
				SWIFT_VERSION = 5.0;
			};
			name = Release;
		};
		3BACE9F62C8C1846004518F6 /* Debug */ = {
			isa = XCBuildConfiguration;
			buildSettings = {
				ALWAYS_EMBED_SWIFT_STANDARD_LIBRARIES = YES;
				BUNDLE_LOADER = "$(TEST_HOST)";
				CODE_SIGN_STYLE = Automatic;
				CURRENT_PROJECT_VERSION = 1;
				DEVELOPMENT_TEAM = S3249NZJRT;
				GENERATE_INFOPLIST_FILE = YES;
				MACOSX_DEPLOYMENT_TARGET = 14.3;
				MARKETING_VERSION = 1.0;
				PRODUCT_BUNDLE_IDENTIFIER = bytebuild.NarrateItTests;
				PRODUCT_NAME = "$(TARGET_NAME)";
				SWIFT_EMIT_LOC_STRINGS = NO;
				SWIFT_VERSION = 5.0;
				TEST_HOST = "$(BUILT_PRODUCTS_DIR)/NarrateIt.app/$(BUNDLE_EXECUTABLE_FOLDER_PATH)/NarrateIt";
			};
			name = Debug;
		};
		3BACE9F72C8C1846004518F6 /* Release */ = {
			isa = XCBuildConfiguration;
			buildSettings = {
				ALWAYS_EMBED_SWIFT_STANDARD_LIBRARIES = YES;
				BUNDLE_LOADER = "$(TEST_HOST)";
				CODE_SIGN_STYLE = Automatic;
				CURRENT_PROJECT_VERSION = 1;
				DEVELOPMENT_TEAM = S3249NZJRT;
				GENERATE_INFOPLIST_FILE = YES;
				MACOSX_DEPLOYMENT_TARGET = 14.3;
				MARKETING_VERSION = 1.0;
				PRODUCT_BUNDLE_IDENTIFIER = bytebuild.NarrateItTests;
				PRODUCT_NAME = "$(TARGET_NAME)";
				SWIFT_EMIT_LOC_STRINGS = NO;
				SWIFT_VERSION = 5.0;
				TEST_HOST = "$(BUILT_PRODUCTS_DIR)/NarrateIt.app/$(BUNDLE_EXECUTABLE_FOLDER_PATH)/NarrateIt";
			};
			name = Release;
		};
		3BACE9F92C8C1846004518F6 /* Debug */ = {
			isa = XCBuildConfiguration;
			buildSettings = {
				ALWAYS_EMBED_SWIFT_STANDARD_LIBRARIES = YES;
				CODE_SIGN_STYLE = Automatic;
				CURRENT_PROJECT_VERSION = 1;
				DEVELOPMENT_TEAM = S3249NZJRT;
				GENERATE_INFOPLIST_FILE = YES;
				MARKETING_VERSION = 1.0;
				PRODUCT_BUNDLE_IDENTIFIER = bytebuild.NarrateItUITests;
				PRODUCT_NAME = "$(TARGET_NAME)";
				SWIFT_EMIT_LOC_STRINGS = NO;
				SWIFT_VERSION = 5.0;
				TEST_TARGET_NAME = NarrateIt;
			};
			name = Debug;
		};
		3BACE9FA2C8C1846004518F6 /* Release */ = {
			isa = XCBuildConfiguration;
			buildSettings = {
				ALWAYS_EMBED_SWIFT_STANDARD_LIBRARIES = YES;
				CODE_SIGN_STYLE = Automatic;
				CURRENT_PROJECT_VERSION = 1;
				DEVELOPMENT_TEAM = S3249NZJRT;
				GENERATE_INFOPLIST_FILE = YES;
				MARKETING_VERSION = 1.0;
				PRODUCT_BUNDLE_IDENTIFIER = bytebuild.NarrateItUITests;
				PRODUCT_NAME = "$(TARGET_NAME)";
				SWIFT_EMIT_LOC_STRINGS = NO;
				SWIFT_VERSION = 5.0;
				TEST_TARGET_NAME = NarrateIt;
			};
			name = Release;
		};
/* End XCBuildConfiguration section */

/* Begin XCConfigurationList section */
		3BACE9C82C8C1845004518F6 /* Build configuration list for PBXProject "NarrateIt" */ = {
			isa = XCConfigurationList;
			buildConfigurations = (
				3BACE9F02C8C1846004518F6 /* Debug */,
				3BACE9F12C8C1846004518F6 /* Release */,
			);
			defaultConfigurationIsVisible = 0;
			defaultConfigurationName = Release;
		};
		3BACE9F22C8C1846004518F6 /* Build configuration list for PBXNativeTarget "NarrateIt" */ = {
			isa = XCConfigurationList;
			buildConfigurations = (
				3BACE9F32C8C1846004518F6 /* Debug */,
				3BACE9F42C8C1846004518F6 /* Release */,
			);
			defaultConfigurationIsVisible = 0;
			defaultConfigurationName = Release;
		};
		3BACE9F52C8C1846004518F6 /* Build configuration list for PBXNativeTarget "NarrateItTests" */ = {
			isa = XCConfigurationList;
			buildConfigurations = (
				3BACE9F62C8C1846004518F6 /* Debug */,
				3BACE9F72C8C1846004518F6 /* Release */,
			);
			defaultConfigurationIsVisible = 0;
			defaultConfigurationName = Release;
		};
		3BACE9F82C8C1846004518F6 /* Build configuration list for PBXNativeTarget "NarrateItUITests" */ = {
			isa = XCConfigurationList;
			buildConfigurations = (
				3BACE9F92C8C1846004518F6 /* Debug */,
				3BACE9FA2C8C1846004518F6 /* Release */,
			);
			defaultConfigurationIsVisible = 0;
			defaultConfigurationName = Release;
		};
/* End XCConfigurationList section */
	};
	rootObject = 3BACE9C52C8C1845004518F6 /* Project object */;
}
